
Microsoft Visual Studio Solution File, Format Version 12.00
# Visual Studio Version 16
VisualStudioVersion = 16.0.29215.179
MinimumVisualStudioVersion = 10.0.40219.1
Project("{FAE04EC0-301F-11D3-BF4B-00C04F79EFBC}") = "PrimaConsoleApp", "PrimaConsoleApp\PrimaConsoleApp.csproj", "{2DC1E101-0692-4FAB-AD87-134D8FE0FF16}"
EndProject
Project("{FAE04EC0-301F-11D3-BF4B-00C04F79EFBC}") = "Esercizio1", "Esercizio1\Esercizio1.csproj", "{F4A587EE-47C4-4729-BD13-50022437D190}"
EndProject
Project("{FAE04EC0-301F-11D3-BF4B-00C04F79EFBC}") = "OOP", "OOP\OOP.csproj", "{70DB2F3A-50FF-4612-AF78-933B8D76449B}"
EndProject
Global
	GlobalSection(SolutionConfigurationPlatforms) = preSolution
		Debug|Any CPU = Debug|Any CPU
		Release|Any CPU = Release|Any CPU
	EndGlobalSection
	GlobalSection(ProjectConfigurationPlatforms) = postSolution
		{2DC1E101-0692-4FAB-AD87-134D8FE0FF16}.Debug|Any CPU.ActiveCfg = Debug|Any CPU
		{2DC1E101-0692-4FAB-AD87-134D8FE0FF16}.Debug|Any CPU.Build.0 = Debug|Any CPU
		{2DC1E101-0692-4FAB-AD87-134D8FE0FF16}.Release|Any CPU.ActiveCfg = Release|Any CPU
		{2DC1E101-0692-4FAB-AD87-134D8FE0FF16}.Release|Any CPU.Build.0 = Release|Any CPU
		{F4A587EE-47C4-4729-BD13-50022437D190}.Debug|Any CPU.ActiveCfg = Debug|Any CPU
		{F4A587EE-47C4-4729-BD13-50022437D190}.Debug|Any CPU.Build.0 = Debug|Any CPU
		{F4A587EE-47C4-4729-BD13-50022437D190}.Release|Any CPU.ActiveCfg = Release|Any CPU
		{F4A587EE-47C4-4729-BD13-50022437D190}.Release|Any CPU.Build.0 = Release|Any CPU
		{70DB2F3A-50FF-4612-AF78-933B8D76449B}.Debug|Any CPU.ActiveCfg = Debug|Any CPU
		{70DB2F3A-50FF-4612-AF78-933B8D76449B}.Debug|Any CPU.Build.0 = Debug|Any CPU
		{70DB2F3A-50FF-4612-AF78-933B8D76449B}.Release|Any CPU.ActiveCfg = Release|Any CPU
		{70DB2F3A-50FF-4612-AF78-933B8D76449B}.Release|Any CPU.Build.0 = Release|Any CPU
	EndGlobalSection
	GlobalSection(SolutionProperties) = preSolution
		HideSolutionNode = FALSE
	EndGlobalSection
	GlobalSection(ExtensibilityGlobals) = postSolution
		SolutionGuid = {938CD4C0-6989-41EE-8C4E-A7DD564FD663}
	EndGlobalSection
EndGlobal
